
Microsoft Visual Studio Solution File, Format Version 12.00
# Visual Studio 14
VisualStudioVersion = 14.0.25420.1
MinimumVisualStudioVersion = 10.0.40219.1
Project("{FAE04EC0-301F-11D3-BF4B-00C04F79EFBC}") = "unboxed.web", "unboxed.web\unboxed.web.csproj", "{A765423E-C09E-4EDF-8F44-C3F1163F9CEA}"
EndProject
Project("{FAE04EC0-301F-11D3-BF4B-00C04F79EFBC}") = "unboxed.web.Tests", "unboxed.web.Tests\unboxed.web.Tests.csproj", "{2C855F96-31A3-4FA2-8649-C7D22F8D0B4C}"
EndProject
Project("{FAE04EC0-301F-11D3-BF4B-00C04F79EFBC}") = "unboxed.migrations", "unboxed.migrations\unboxed.migrations.csproj", "{25B9F9D5-DF3F-4844-BB1F-CCA464B6209F}"
EndProject
Project("{FAE04EC0-301F-11D3-BF4B-00C04F79EFBC}") = "unboxed", "unboxed\unboxed.csproj", "{D86FAFB8-FBD4-48DB-B1FA-5E6C372D9A0A}"
EndProject
Global
	GlobalSection(SolutionConfigurationPlatforms) = preSolution
		Debug|Any CPU = Debug|Any CPU
		Release|Any CPU = Release|Any CPU
	EndGlobalSection
	GlobalSection(ProjectConfigurationPlatforms) = postSolution
		{A765423E-C09E-4EDF-8F44-C3F1163F9CEA}.Debug|Any CPU.ActiveCfg = Debug|Any CPU
		{A765423E-C09E-4EDF-8F44-C3F1163F9CEA}.Debug|Any CPU.Build.0 = Debug|Any CPU
		{A765423E-C09E-4EDF-8F44-C3F1163F9CEA}.Release|Any CPU.ActiveCfg = Release|Any CPU
		{A765423E-C09E-4EDF-8F44-C3F1163F9CEA}.Release|Any CPU.Build.0 = Release|Any CPU
		{2C855F96-31A3-4FA2-8649-C7D22F8D0B4C}.Debug|Any CPU.ActiveCfg = Debug|Any CPU
		{2C855F96-31A3-4FA2-8649-C7D22F8D0B4C}.Debug|Any CPU.Build.0 = Debug|Any CPU
		{2C855F96-31A3-4FA2-8649-C7D22F8D0B4C}.Release|Any CPU.ActiveCfg = Release|Any CPU
		{2C855F96-31A3-4FA2-8649-C7D22F8D0B4C}.Release|Any CPU.Build.0 = Release|Any CPU
		{25B9F9D5-DF3F-4844-BB1F-CCA464B6209F}.Debug|Any CPU.ActiveCfg = Debug|Any CPU
		{25B9F9D5-DF3F-4844-BB1F-CCA464B6209F}.Debug|Any CPU.Build.0 = Debug|Any CPU
		{25B9F9D5-DF3F-4844-BB1F-CCA464B6209F}.Release|Any CPU.ActiveCfg = Release|Any CPU
		{25B9F9D5-DF3F-4844-BB1F-CCA464B6209F}.Release|Any CPU.Build.0 = Release|Any CPU
		{D86FAFB8-FBD4-48DB-B1FA-5E6C372D9A0A}.Debug|Any CPU.ActiveCfg = Debug|Any CPU
		{D86FAFB8-FBD4-48DB-B1FA-5E6C372D9A0A}.Debug|Any CPU.Build.0 = Debug|Any CPU
		{D86FAFB8-FBD4-48DB-B1FA-5E6C372D9A0A}.Release|Any CPU.ActiveCfg = Release|Any CPU
		{D86FAFB8-FBD4-48DB-B1FA-5E6C372D9A0A}.Release|Any CPU.Build.0 = Release|Any CPU
	EndGlobalSection
	GlobalSection(SolutionProperties) = preSolution
		HideSolutionNode = FALSE
	EndGlobalSection
EndGlobal
